[{<<"datum">>,
  {git,"https://github.com/fogfish/datum",
       {ref,"cddc9ada86dd2a98da51a03f8d26e828a8551e2b"}},
  0},
 {<<"feta">>,
  {git,"https://github.com/fogfish/feta",
       {ref,"c7431eaa7cd631308243cf893b46b236bef8ed6c"}},
  0},
 {<<"pipe">>,
  {git,"https://github.com/kfsm/pipe",
       {ref,"a091f919659818cfe37e2d8c5d44d73962322ab9"}},
  0},
 {<<"uid">>,
  {git,"https://github.com/fogfish/uid",
       {ref,"698ebcb27b273a2f879d8bd24be5f5ea54c98850"}},
  0}].
